# THIS IS AN AUTOGENERATED FILE. DO NOT EDIT THIS FILE DIRECTLY.
# yarn lockfile v1


"@yomguithereal/helpers@^1.1.1":
  version "1.1.1"
  resolved "https://registry.yarnpkg.com/@yomguithereal/helpers/-/helpers-1.1.1.tgz#185dfb0f88ca2beec53d0adf6eed15c33b1c549d"
  integrity sha512-UYvAq/XCA7xoh1juWDYsq3W0WywOB+pz8cgVnE1b45ZfdMhBvHDrgmSFG3jXeZSr2tMTYLGHFHON+ekG05Jebg==

events@^3.3.0:
  version "3.3.0"
  resolved "https://registry.yarnpkg.com/events/-/events-3.3.0.tgz#31a95ad0a924e2d2c419a813aeb2c4e878ea7400"
  integrity sha512-mQw+2fkQbALzQ7V0MY0IqdnXNOeTtP4r0lN9z7AAawCXgqea7bDii20AYrIBrFd/Hx0M2Ocz6S111CaFkUcb0Q==

graphology-indices@^0.16.0:
  version "0.16.5"
  resolved "https://registry.yarnpkg.com/graphology-indices/-/graphology-indices-0.16.5.tgz#63bb60ff604930722aeea076c2aa11545a43cdd8"
  integrity sha512-bFd5x0csn/5H1R6Kp5yM2LK1fI9akaInVk/uMzOGZNL3D7erCeqnqyRVA9LBw7QhkOgy8pG3LUHJYWyV3XSufg==
  dependencies:
    graphology-utils "^2.4.2"
    mnemonist "^0.39.0"

graphology-metrics@1.18.2:
  version "1.18.2"
  resolved "https://registry.yarnpkg.com/graphology-metrics/-/graphology-metrics-1.18.2.tgz#5bf70b0231a8320c5210df1e85fa5dc6b42a8b56"
  integrity sha512-Ex02yMIyIzEmaQxcMUNqCvCRT0bxV008wuGZcD3lVwssubJK3vj6FktmZY1A24ASN5INn2TJ0n/x40mWGyPkhA==
  dependencies:
    graphology-shortest-path "^1.5.2"
    graphology-utils "^2.3.0"
    mnemonist "^0.38.3"

graphology-shortest-path@^1.5.2:
  version "1.5.2"
  resolved "https://registry.yarnpkg.com/graphology-shortest-path/-/graphology-shortest-path-1.5.2.tgz#0b60b58be6949b5886c1d229f09d6ccf7c679426"
  integrity sha512-MP95GPiPSkutan5miLfWrMQMWKO/rVSzrfqknrKZ2HyJYDFWonr0IDZOn8MsgR8bNCXKUTd3cFAzKo8hVISx/A==
  dependencies:
    "@yomguithereal/helpers" "^1.1.1"
    graphology-indices "^0.16.0"
    graphology-utils "^2.1.2"
    mnemonist "^0.38.1"

graphology-utils@^2.1.2, graphology-utils@^2.3.0, graphology-utils@^2.4.0, graphology-utils@^2.4.2:
  version "2.5.0"
  resolved "https://registry.yarnpkg.com/graphology-utils/-/graphology-utils-2.5.0.tgz#ccb0ec8231e4de403ed7a385644c911e40bc4833"
  integrity sha512-TmuBAoM1rZxWo3Wd7qC2Rhnu3KZwq8pWNgjWCFKubn3pt3a1Vh/k3CJaFw4G7k6Mvb6aSdWVYJnlGNThMl+bAQ==

graphology@^0.23.2:
  version "0.23.2"
  resolved "https://registry.yarnpkg.com/graphology/-/graphology-0.23.2.tgz#b09a33a9408a7615c3c9cff98e7404cc70a21820"
  integrity sha512-RHcLpAP4M+KPShLQEvgkT1Y4vxl+FFbmmy3D0mupO+VXIuYC8zdmMcHs40D9m3mmN067zGS+lUaHjDq06Td7PQ==
  dependencies:
    events "^3.3.0"
    obliterator "^2.0.0"

mnemonist@^0.38.1, mnemonist@^0.38.3:
  version "0.38.5"
  resolved "https://registry.yarnpkg.com/mnemonist/-/mnemonist-0.38.5.tgz#4adc7f4200491237fe0fa689ac0b86539685cade"
  integrity sha512-bZTFT5rrPKtPJxj8KSV0WkPyNxl72vQepqqVUAW2ARUpUSF2qXMB6jZj7hW5/k7C1rtpzqbD/IIbJwLXUjCHeg==
  dependencies:
    obliterator "^2.0.0"

mnemonist@^0.39.0:
  version "0.39.0"
  resolved "https://registry.yarnpkg.com/mnemonist/-/mnemonist-0.39.0.tgz#4c83dd22e8d9d05dfb721ff66a905fec4c460041"
  integrity sha512-7v08Ldk1lnlywnIShqfKYN7EW4WKLUnkoWApdmR47N1xA2xmEtWERfEvyRCepbuFCETG5OnfaGQpp/p4Bus6ZQ==
  dependencies:
    obliterator "^2.0.1"

obliterator@^2.0.0, obliterator@^2.0.1:
  version "2.0.1"
  resolved "https://registry.yarnpkg.com/obliterator/-/obliterator-2.0.1.tgz#fbdd873bf39fc4f365a53b1fc86617a22526987c"
  integrity sha512-XnkiCrrBcIZQitJPAI36mrrpEUvatbte8hLcTcQwKA1v9NkCKasSi+UAguLsLDs/out7MoRzAlmz7VXvY6ph6w==

sigma@^2.1.3:
  version "2.1.3"
  resolved "https://registry.yarnpkg.com/sigma/-/sigma-2.1.3.tgz#cff67828fdaec80db5b4cee2cf1cd75569551c0b"
  integrity sha512-Dy4QigLlvyqpoMMizIrbzinn+zlb2o1b/nLCLZXGCVDxI12NxtAccvCETnbPqLE8ytCJ+wlZ2tKxl+78bUWfxw==
  dependencies:
    "@yomguithereal/helpers" "^1.1.1"
    events "^3.3.0"
    graphology-metrics "1.18.2"
    graphology-utils "^2.4.0"
